
Microsoft Visual Studio Solution File, Format Version 11.00
# Visual Studio 2010
Project("{FAE04EC0-301F-11D3-BF4B-00C04F79EFBC}") = "AR_Fish", "Assembly-CSharp.csproj", "{593073EE-3FE6-7CE9-5B83-E334278EFFD2}"
EndProject
Project("{FAE04EC0-301F-11D3-BF4B-00C04F79EFBC}") = "AR_Fish", "Assembly-CSharp-Editor.csproj", "{32CCB87B-963B-C22A-6CC5-029BE8FF5848}"
EndProject
Global
	GlobalSection(SolutionConfigurationPlatforms) = preSolution
		Debug|Any CPU = Debug|Any CPU
		Release|Any CPU = Release|Any CPU
	EndGlobalSection
	GlobalSection(ProjectConfigurationPlatforms) = postSolution
		{593073EE-3FE6-7CE9-5B83-E334278EFFD2}.Debug|Any CPU.ActiveCfg = Debug|Any CPU
		{593073EE-3FE6-7CE9-5B83-E334278EFFD2}.Debug|Any CPU.Build.0 = Debug|Any CPU
		{593073EE-3FE6-7CE9-5B83-E334278EFFD2}.Release|Any CPU.ActiveCfg = Release|Any CPU
		{593073EE-3FE6-7CE9-5B83-E334278EFFD2}.Release|Any CPU.Build.0 = Release|Any CPU
		{32CCB87B-963B-C22A-6CC5-029BE8FF5848}.Debug|Any CPU.ActiveCfg = Debug|Any CPU
		{32CCB87B-963B-C22A-6CC5-029BE8FF5848}.Debug|Any CPU.Build.0 = Debug|Any CPU
		{32CCB87B-963B-C22A-6CC5-029BE8FF5848}.Release|Any CPU.ActiveCfg = Release|Any CPU
		{32CCB87B-963B-C22A-6CC5-029BE8FF5848}.Release|Any CPU.Build.0 = Release|Any CPU
	EndGlobalSection
	GlobalSection(SolutionProperties) = preSolution
		HideSolutionNode = FALSE
	EndGlobalSection
	GlobalSection(MonoDevelopProperties) = preSolution
		StartupItem = Assembly-CSharp.csproj
	EndGlobalSection
EndGlobal
